
Microsoft Visual Studio Solution File, Format Version 12.00
# Visual Studio 2013
VisualStudioVersion = 12.0.31101.0
MinimumVisualStudioVersion = 10.0.40219.1
Project("{FAE04EC0-301F-11D3-BF4B-00C04F79EFBC}") = "BookSearchConsoleApp", "BookSearchConsoleApp.csproj", "{AD53594F-CEA2-46C0-A73F-ED7E4433C5CA}"
EndProject
Global
	GlobalSection(SolutionConfigurationPlatforms) = preSolution
		Debug|Any CPU = Debug|Any CPU
		Release|Any CPU = Release|Any CPU
	EndGlobalSection
	GlobalSection(ProjectConfigurationPlatforms) = postSolution
		{AD53594F-CEA2-46C0-A73F-ED7E4433C5CA}.Debug|Any CPU.ActiveCfg = Debug|Any CPU
		{AD53594F-CEA2-46C0-A73F-ED7E4433C5CA}.Debug|Any CPU.Build.0 = Debug|Any CPU
		{AD53594F-CEA2-46C0-A73F-ED7E4433C5CA}.Release|Any CPU.ActiveCfg = Release|Any CPU
		{AD53594F-CEA2-46C0-A73F-ED7E4433C5CA}.Release|Any CPU.Build.0 = Release|Any CPU
	EndGlobalSection
	GlobalSection(SolutionProperties) = preSolution
		HideSolutionNode = FALSE
	EndGlobalSection
EndGlobal
